
Microsoft Visual Studio Solution File, Format Version 12.00
# Visual Studio Version 17
VisualStudioVersion = 17.0.31903.59
MinimumVisualStudioVersion = 10.0.40219.1
Project("{9A19103F-16F7-4668-BE54-9A1E7A4F7556}") = "DataAccessLayer", "DataAccessLayer\DataAccessLayer.csproj", "{C8099610-68FE-4DE1-8891-D3CA5503EA72}"
EndProject
Project("{9A19103F-16F7-4668-BE54-9A1E7A4F7556}") = "InventoryAPI", "InventoryAPI\InventoryAPI.csproj", "{310EBFA3-1B24-470B-9DCB-45A261AF3063}"
EndProject
Project("{9A19103F-16F7-4668-BE54-9A1E7A4F7556}") = "OrderAPI", "OrderAPI\OrderAPI.csproj", "{729E6BBC-DF6F-48DF-AA44-7DEA911D5D39}"
EndProject
Project("{9A19103F-16F7-4668-BE54-9A1E7A4F7556}") = "ShippingAPI", "ShippingAPI\ShippingAPI.csproj", "{BF570134-276C-4BEE-B93C-353FAB74D334}"
EndProject
Project("{9A19103F-16F7-4668-BE54-9A1E7A4F7556}") = "Domain", "Domain\Domain.csproj", "{19C759CF-3746-4E92-8922-A3F654D6B302}"
EndProject
Project("{9A19103F-16F7-4668-BE54-9A1E7A4F7556}") = "InventoryService", "InventoryService\InventoryService.csproj", "{E0D7FC88-00E3-457D-BD14-D278074E61A8}"
EndProject
Project("{9A19103F-16F7-4668-BE54-9A1E7A4F7556}") = "OrderService", "OrderService\OrderService.csproj", "{95DB2CAB-2779-46BE-B26C-B90FF1B9E89D}"
EndProject
Project("{9A19103F-16F7-4668-BE54-9A1E7A4F7556}") = "ShipmentService", "ShipmentService\ShipmentService.csproj", "{3279422D-2AD3-4D44-89AC-E1BBFB7C81A7}"
EndProject
Global
	GlobalSection(SolutionConfigurationPlatforms) = preSolution
		Debug|Any CPU = Debug|Any CPU
		Release|Any CPU = Release|Any CPU
	EndGlobalSection
	GlobalSection(ProjectConfigurationPlatforms) = postSolution
		{C8099610-68FE-4DE1-8891-D3CA5503EA72}.Debug|Any CPU.ActiveCfg = Debug|Any CPU
		{C8099610-68FE-4DE1-8891-D3CA5503EA72}.Debug|Any CPU.Build.0 = Debug|Any CPU
		{C8099610-68FE-4DE1-8891-D3CA5503EA72}.Release|Any CPU.ActiveCfg = Release|Any CPU
		{C8099610-68FE-4DE1-8891-D3CA5503EA72}.Release|Any CPU.Build.0 = Release|Any CPU
		{310EBFA3-1B24-470B-9DCB-45A261AF3063}.Debug|Any CPU.ActiveCfg = Debug|Any CPU
		{310EBFA3-1B24-470B-9DCB-45A261AF3063}.Debug|Any CPU.Build.0 = Debug|Any CPU
		{310EBFA3-1B24-470B-9DCB-45A261AF3063}.Release|Any CPU.ActiveCfg = Release|Any CPU
		{310EBFA3-1B24-470B-9DCB-45A261AF3063}.Release|Any CPU.Build.0 = Release|Any CPU
		{729E6BBC-DF6F-48DF-AA44-7DEA911D5D39}.Debug|Any CPU.ActiveCfg = Debug|Any CPU
		{729E6BBC-DF6F-48DF-AA44-7DEA911D5D39}.Debug|Any CPU.Build.0 = Debug|Any CPU
		{729E6BBC-DF6F-48DF-AA44-7DEA911D5D39}.Release|Any CPU.ActiveCfg = Release|Any CPU
		{729E6BBC-DF6F-48DF-AA44-7DEA911D5D39}.Release|Any CPU.Build.0 = Release|Any CPU
		{BF570134-276C-4BEE-B93C-353FAB74D334}.Debug|Any CPU.ActiveCfg = Debug|Any CPU
		{BF570134-276C-4BEE-B93C-353FAB74D334}.Debug|Any CPU.Build.0 = Debug|Any CPU
		{BF570134-276C-4BEE-B93C-353FAB74D334}.Release|Any CPU.ActiveCfg = Release|Any CPU
		{BF570134-276C-4BEE-B93C-353FAB74D334}.Release|Any CPU.Build.0 = Release|Any CPU
		{19C759CF-3746-4E92-8922-A3F654D6B302}.Debug|Any CPU.ActiveCfg = Debug|Any CPU
		{19C759CF-3746-4E92-8922-A3F654D6B302}.Debug|Any CPU.Build.0 = Debug|Any CPU
		{19C759CF-3746-4E92-8922-A3F654D6B302}.Release|Any CPU.ActiveCfg = Release|Any CPU
		{19C759CF-3746-4E92-8922-A3F654D6B302}.Release|Any CPU.Build.0 = Release|Any CPU
		{E0D7FC88-00E3-457D-BD14-D278074E61A8}.Debug|Any CPU.ActiveCfg = Debug|Any CPU
		{E0D7FC88-00E3-457D-BD14-D278074E61A8}.Debug|Any CPU.Build.0 = Debug|Any CPU
		{E0D7FC88-00E3-457D-BD14-D278074E61A8}.Release|Any CPU.ActiveCfg = Release|Any CPU
		{E0D7FC88-00E3-457D-BD14-D278074E61A8}.Release|Any CPU.Build.0 = Release|Any CPU
		{95DB2CAB-2779-46BE-B26C-B90FF1B9E89D}.Debug|Any CPU.ActiveCfg = Debug|Any CPU
		{95DB2CAB-2779-46BE-B26C-B90FF1B9E89D}.Debug|Any CPU.Build.0 = Debug|Any CPU
		{95DB2CAB-2779-46BE-B26C-B90FF1B9E89D}.Release|Any CPU.ActiveCfg = Release|Any CPU
		{95DB2CAB-2779-46BE-B26C-B90FF1B9E89D}.Release|Any CPU.Build.0 = Release|Any CPU
		{3279422D-2AD3-4D44-89AC-E1BBFB7C81A7}.Debug|Any CPU.ActiveCfg = Debug|Any CPU
		{3279422D-2AD3-4D44-89AC-E1BBFB7C81A7}.Debug|Any CPU.Build.0 = Debug|Any CPU
		{3279422D-2AD3-4D44-89AC-E1BBFB7C81A7}.Release|Any CPU.ActiveCfg = Release|Any CPU
		{3279422D-2AD3-4D44-89AC-E1BBFB7C81A7}.Release|Any CPU.Build.0 = Release|Any CPU
	EndGlobalSection
	GlobalSection(SolutionProperties) = preSolution
		HideSolutionNode = FALSE
	EndGlobalSection
	GlobalSection(ExtensibilityGlobals) = postSolution
		SolutionGuid = {1E187C21-AFE5-4A0C-B201-D99CAC033780}
	EndGlobalSection
EndGlobal
