
Microsoft Visual Studio Solution File, Format Version 12.00
# Visual Studio Version 17
VisualStudioVersion = 17.0.31903.59
MinimumVisualStudioVersion = 10.0.40219.1
Project("{FAE04EC0-301F-11D3-BF4B-00C04F79EFBC}") = "Infrastructure", "Infrastructure\Infrastructure.csproj", "{5872AEB3-BAA3-FE31-B0EB-0FB6DBEDCF83}"
EndProject
Project("{2150E333-8FDC-42A3-9474-1A3956D46DE8}") = "Domain", "Domain", "{5F36F04C-FD82-445D-A65E-20DA5172825A}"
EndProject
Project("{2150E333-8FDC-42A3-9474-1A3956D46DE8}") = "Application", "Application", "{FC455B3D-F3C2-42DD-8110-6DEF5BEC0A71}"
EndProject
Project("{2150E333-8FDC-42A3-9474-1A3956D46DE8}") = "Infrastructure", "Infrastructure", "{9AC5BD65-B5AD-46A4-B1F9-81923CB22052}"
EndProject
Project("{2150E333-8FDC-42A3-9474-1A3956D46DE8}") = "Presentations", "Presentations", "{D21CB1CA-EBEF-44C2-9088-46DB8D483BA5}"
EndProject
Project("{FAE04EC0-301F-11D3-BF4B-00C04F79EFBC}") = "Workers", "Functions\Workers.csproj", "{ABA28EBF-CA29-44B6-98B6-631DF7A12197}"
EndProject
Project("{FAE04EC0-301F-11D3-BF4B-00C04F79EFBC}") = "WebApi", "Presentations\WebApi.csproj", "{8B168EA1-6AFB-BAB9-A6F5-5DCEB40FC482}"
EndProject
Project("{FAE04EC0-301F-11D3-BF4B-00C04F79EFBC}") = "Application", "Application\Application.csproj", "{F80C4E72-27A0-12B5-0634-DD5C11CFB0C1}"
EndProject
Project("{FAE04EC0-301F-11D3-BF4B-00C04F79EFBC}") = "Domain", "Domain\Domain.csproj", "{E528BBC3-1C26-8C35-F682-23718816ADCD}"
EndProject
Global
	GlobalSection(SolutionConfigurationPlatforms) = preSolution
		Debug|Any CPU = Debug|Any CPU
		Release|Any CPU = Release|Any CPU
	EndGlobalSection
	GlobalSection(ProjectConfigurationPlatforms) = postSolution
		{5872AEB3-BAA3-FE31-B0EB-0FB6DBEDCF83}.Debug|Any CPU.ActiveCfg = Debug|Any CPU
		{5872AEB3-BAA3-FE31-B0EB-0FB6DBEDCF83}.Debug|Any CPU.Build.0 = Debug|Any CPU
		{5872AEB3-BAA3-FE31-B0EB-0FB6DBEDCF83}.Release|Any CPU.ActiveCfg = Release|Any CPU
		{5872AEB3-BAA3-FE31-B0EB-0FB6DBEDCF83}.Release|Any CPU.Build.0 = Release|Any CPU
		{ABA28EBF-CA29-44B6-98B6-631DF7A12197}.Debug|Any CPU.ActiveCfg = Debug|Any CPU
		{ABA28EBF-CA29-44B6-98B6-631DF7A12197}.Debug|Any CPU.Build.0 = Debug|Any CPU
		{ABA28EBF-CA29-44B6-98B6-631DF7A12197}.Release|Any CPU.ActiveCfg = Release|Any CPU
		{ABA28EBF-CA29-44B6-98B6-631DF7A12197}.Release|Any CPU.Build.0 = Release|Any CPU
		{8B168EA1-6AFB-BAB9-A6F5-5DCEB40FC482}.Debug|Any CPU.ActiveCfg = Debug|Any CPU
		{8B168EA1-6AFB-BAB9-A6F5-5DCEB40FC482}.Debug|Any CPU.Build.0 = Debug|Any CPU
		{8B168EA1-6AFB-BAB9-A6F5-5DCEB40FC482}.Release|Any CPU.ActiveCfg = Release|Any CPU
		{8B168EA1-6AFB-BAB9-A6F5-5DCEB40FC482}.Release|Any CPU.Build.0 = Release|Any CPU
		{F80C4E72-27A0-12B5-0634-DD5C11CFB0C1}.Debug|Any CPU.ActiveCfg = Debug|Any CPU
		{F80C4E72-27A0-12B5-0634-DD5C11CFB0C1}.Debug|Any CPU.Build.0 = Debug|Any CPU
		{F80C4E72-27A0-12B5-0634-DD5C11CFB0C1}.Release|Any CPU.ActiveCfg = Release|Any CPU
		{F80C4E72-27A0-12B5-0634-DD5C11CFB0C1}.Release|Any CPU.Build.0 = Release|Any CPU
		{E528BBC3-1C26-8C35-F682-23718816ADCD}.Debug|Any CPU.ActiveCfg = Debug|Any CPU
		{E528BBC3-1C26-8C35-F682-23718816ADCD}.Debug|Any CPU.Build.0 = Debug|Any CPU
		{E528BBC3-1C26-8C35-F682-23718816ADCD}.Release|Any CPU.ActiveCfg = Release|Any CPU
		{E528BBC3-1C26-8C35-F682-23718816ADCD}.Release|Any CPU.Build.0 = Release|Any CPU
	EndGlobalSection
	GlobalSection(SolutionProperties) = preSolution
		HideSolutionNode = FALSE
	EndGlobalSection
	GlobalSection(NestedProjects) = preSolution
		{5872AEB3-BAA3-FE31-B0EB-0FB6DBEDCF83} = {9AC5BD65-B5AD-46A4-B1F9-81923CB22052}
		{ABA28EBF-CA29-44B6-98B6-631DF7A12197} = {D21CB1CA-EBEF-44C2-9088-46DB8D483BA5}
		{8B168EA1-6AFB-BAB9-A6F5-5DCEB40FC482} = {D21CB1CA-EBEF-44C2-9088-46DB8D483BA5}
		{F80C4E72-27A0-12B5-0634-DD5C11CFB0C1} = {FC455B3D-F3C2-42DD-8110-6DEF5BEC0A71}
		{E528BBC3-1C26-8C35-F682-23718816ADCD} = {5F36F04C-FD82-445D-A65E-20DA5172825A}
	EndGlobalSection
	GlobalSection(ExtensibilityGlobals) = postSolution
		SolutionGuid = {1E187C21-AFE5-4A0C-B201-D99CAC033780}
	EndGlobalSection
EndGlobal
