
Microsoft Visual Studio Solution File, Format Version 12.00
# Visual Studio Version 17
VisualStudioVersion = 17.0.31903.59
MinimumVisualStudioVersion = 10.0.40219.1
Project("{9A19103F-16F7-4668-BE54-9A1E7A4F7556}") = "DataAccessLayer", "DataAccessLayer\DataAccessLayer.csproj", "{C8099610-68FE-4DE1-8891-D3CA5503EA72}"
EndProject
Project("{9A19103F-16F7-4668-BE54-9A1E7A4F7556}") = "InventoryAPI", "InventoryAPI\InventoryAPI.csproj", "{310EBFA3-1B24-470B-9DCB-45A261AF3063}"
EndProject
Project("{9A19103F-16F7-4668-BE54-9A1E7A4F7556}") = "OrderAPI", "OrderAPI\OrderAPI.csproj", "{729E6BBC-DF6F-48DF-AA44-7DEA911D5D39}"
EndProject
Project("{9A19103F-16F7-4668-BE54-9A1E7A4F7556}") = "ShippingAPI", "ShippingAPI\ShippingAPI.csproj", "{BF570134-276C-4BEE-B93C-353FAB74D334}"
EndProject
Project("{9A19103F-16F7-4668-BE54-9A1E7A4F7556}") = "Domain", "Domain\Domain.csproj", "{19C759CF-3746-4E92-8922-A3F654D6B302}"
EndProject
Project("{9A19103F-16F7-4668-BE54-9A1E7A4F7556}") = "InventoryService", "..\..\Darwin Tech Case\InventoryService\InventoryService.csproj", "{F742D82B-C704-43C3-B187-E6A5B639A022}"
EndProject
Project("{9A19103F-16F7-4668-BE54-9A1E7A4F7556}") = "OrderService", "..\..\Darwin Tech Case\OrderService\OrderService.csproj", "{63901E78-9927-4F67-8F80-A300F9BE076D}"
EndProject
Project("{9A19103F-16F7-4668-BE54-9A1E7A4F7556}") = "ShipmentService", "..\..\Darwin Tech Case\ShipmentService\ShipmentService.csproj", "{A0AB11D7-0621-4807-8E12-5A9A9D2D1B1F}"
EndProject
Global
	GlobalSection(SolutionConfigurationPlatforms) = preSolution
		Debug|Any CPU = Debug|Any CPU
		Release|Any CPU = Release|Any CPU
	EndGlobalSection
	GlobalSection(ProjectConfigurationPlatforms) = postSolution
		{C8099610-68FE-4DE1-8891-D3CA5503EA72}.Debug|Any CPU.ActiveCfg = Debug|Any CPU
		{C8099610-68FE-4DE1-8891-D3CA5503EA72}.Debug|Any CPU.Build.0 = Debug|Any CPU
		{C8099610-68FE-4DE1-8891-D3CA5503EA72}.Release|Any CPU.ActiveCfg = Release|Any CPU
		{C8099610-68FE-4DE1-8891-D3CA5503EA72}.Release|Any CPU.Build.0 = Release|Any CPU
		{310EBFA3-1B24-470B-9DCB-45A261AF3063}.Debug|Any CPU.ActiveCfg = Debug|Any CPU
		{310EBFA3-1B24-470B-9DCB-45A261AF3063}.Debug|Any CPU.Build.0 = Debug|Any CPU
		{310EBFA3-1B24-470B-9DCB-45A261AF3063}.Release|Any CPU.ActiveCfg = Release|Any CPU
		{310EBFA3-1B24-470B-9DCB-45A261AF3063}.Release|Any CPU.Build.0 = Release|Any CPU
		{729E6BBC-DF6F-48DF-AA44-7DEA911D5D39}.Debug|Any CPU.ActiveCfg = Debug|Any CPU
		{729E6BBC-DF6F-48DF-AA44-7DEA911D5D39}.Debug|Any CPU.Build.0 = Debug|Any CPU
		{729E6BBC-DF6F-48DF-AA44-7DEA911D5D39}.Release|Any CPU.ActiveCfg = Release|Any CPU
		{729E6BBC-DF6F-48DF-AA44-7DEA911D5D39}.Release|Any CPU.Build.0 = Release|Any CPU
		{BF570134-276C-4BEE-B93C-353FAB74D334}.Debug|Any CPU.ActiveCfg = Debug|Any CPU
		{BF570134-276C-4BEE-B93C-353FAB74D334}.Debug|Any CPU.Build.0 = Debug|Any CPU
		{BF570134-276C-4BEE-B93C-353FAB74D334}.Release|Any CPU.ActiveCfg = Release|Any CPU
		{BF570134-276C-4BEE-B93C-353FAB74D334}.Release|Any CPU.Build.0 = Release|Any CPU
		{19C759CF-3746-4E92-8922-A3F654D6B302}.Debug|Any CPU.ActiveCfg = Debug|Any CPU
		{19C759CF-3746-4E92-8922-A3F654D6B302}.Debug|Any CPU.Build.0 = Debug|Any CPU
		{19C759CF-3746-4E92-8922-A3F654D6B302}.Release|Any CPU.ActiveCfg = Release|Any CPU
		{19C759CF-3746-4E92-8922-A3F654D6B302}.Release|Any CPU.Build.0 = Release|Any CPU
		{F742D82B-C704-43C3-B187-E6A5B639A022}.Debug|Any CPU.ActiveCfg = Debug|Any CPU
		{F742D82B-C704-43C3-B187-E6A5B639A022}.Debug|Any CPU.Build.0 = Debug|Any CPU
		{F742D82B-C704-43C3-B187-E6A5B639A022}.Release|Any CPU.ActiveCfg = Release|Any CPU
		{F742D82B-C704-43C3-B187-E6A5B639A022}.Release|Any CPU.Build.0 = Release|Any CPU
		{63901E78-9927-4F67-8F80-A300F9BE076D}.Debug|Any CPU.ActiveCfg = Debug|Any CPU
		{63901E78-9927-4F67-8F80-A300F9BE076D}.Debug|Any CPU.Build.0 = Debug|Any CPU
		{63901E78-9927-4F67-8F80-A300F9BE076D}.Release|Any CPU.ActiveCfg = Release|Any CPU
		{63901E78-9927-4F67-8F80-A300F9BE076D}.Release|Any CPU.Build.0 = Release|Any CPU
		{A0AB11D7-0621-4807-8E12-5A9A9D2D1B1F}.Debug|Any CPU.ActiveCfg = Debug|Any CPU
		{A0AB11D7-0621-4807-8E12-5A9A9D2D1B1F}.Debug|Any CPU.Build.0 = Debug|Any CPU
		{A0AB11D7-0621-4807-8E12-5A9A9D2D1B1F}.Release|Any CPU.ActiveCfg = Release|Any CPU
		{A0AB11D7-0621-4807-8E12-5A9A9D2D1B1F}.Release|Any CPU.Build.0 = Release|Any CPU
	EndGlobalSection
	GlobalSection(SolutionProperties) = preSolution
		HideSolutionNode = FALSE
	EndGlobalSection
	GlobalSection(ExtensibilityGlobals) = postSolution
		SolutionGuid = {1E187C21-AFE5-4A0C-B201-D99CAC033780}
	EndGlobalSection
EndGlobal
